
Microsoft Visual Studio Solution File, Format Version 12.00
# Visual Studio 15
VisualStudioVersion = 15.0.28307.421
MinimumVisualStudioVersion = 10.0.40219.1
Project("{2150E333-8FDC-42A3-9474-1A3956D46DE8}") = "src", "src", "{22FF9561-9561-4ACE-BC28-DBD9B30E9F82}"
EndProject
Project("{2150E333-8FDC-42A3-9474-1A3956D46DE8}") = "services", "services", "{06E5A4AA-F7AE-4BE1-BE04-C0B45B7D15B0}"
EndProject
Project("{2150E333-8FDC-42A3-9474-1A3956D46DE8}") = "web", "web", "{CE233597-798D-4CCA-9279-5A39A0C18DDC}"
EndProject
Project("{9A19103F-16F7-4668-BE54-9A1E7A4F7556}") = "EventCatalogAPI", "EventCatalogAPI\EventCatalogAPI.csproj", "{53DCC3C4-7B58-494D-BB51-3341CF993080}"
EndProject
Project("{9A19103F-16F7-4668-BE54-9A1E7A4F7556}") = "TokenServiceApi", "TokenServiceApi\TokenServiceApi.csproj", "{E5B36F06-EA83-4D90-BBD2-8E92B44C50E4}"
EndProject
Project("{E53339B2-1760-4266-BCC7-CA923CBCF16C}") = "docker-compose", "docker-compose.dcproj", "{DFFFE2A1-FD4D-4635-81C5-2335DD0D8F97}"
EndProject
Global
	GlobalSection(SolutionConfigurationPlatforms) = preSolution
		Debug|Any CPU = Debug|Any CPU
		Release|Any CPU = Release|Any CPU
	EndGlobalSection
	GlobalSection(ProjectConfigurationPlatforms) = postSolution
		{53DCC3C4-7B58-494D-BB51-3341CF993080}.Debug|Any CPU.ActiveCfg = Debug|Any CPU
		{53DCC3C4-7B58-494D-BB51-3341CF993080}.Debug|Any CPU.Build.0 = Debug|Any CPU
		{53DCC3C4-7B58-494D-BB51-3341CF993080}.Release|Any CPU.ActiveCfg = Release|Any CPU
		{53DCC3C4-7B58-494D-BB51-3341CF993080}.Release|Any CPU.Build.0 = Release|Any CPU
		{E5B36F06-EA83-4D90-BBD2-8E92B44C50E4}.Debug|Any CPU.ActiveCfg = Debug|Any CPU
		{E5B36F06-EA83-4D90-BBD2-8E92B44C50E4}.Debug|Any CPU.Build.0 = Debug|Any CPU
		{E5B36F06-EA83-4D90-BBD2-8E92B44C50E4}.Release|Any CPU.ActiveCfg = Release|Any CPU
		{E5B36F06-EA83-4D90-BBD2-8E92B44C50E4}.Release|Any CPU.Build.0 = Release|Any CPU
		{DFFFE2A1-FD4D-4635-81C5-2335DD0D8F97}.Debug|Any CPU.ActiveCfg = Debug|Any CPU
		{DFFFE2A1-FD4D-4635-81C5-2335DD0D8F97}.Debug|Any CPU.Build.0 = Debug|Any CPU
		{DFFFE2A1-FD4D-4635-81C5-2335DD0D8F97}.Release|Any CPU.ActiveCfg = Release|Any CPU
		{DFFFE2A1-FD4D-4635-81C5-2335DD0D8F97}.Release|Any CPU.Build.0 = Release|Any CPU
	EndGlobalSection
	GlobalSection(SolutionProperties) = preSolution
		HideSolutionNode = FALSE
	EndGlobalSection
	GlobalSection(NestedProjects) = preSolution
		{06E5A4AA-F7AE-4BE1-BE04-C0B45B7D15B0} = {22FF9561-9561-4ACE-BC28-DBD9B30E9F82}
		{CE233597-798D-4CCA-9279-5A39A0C18DDC} = {22FF9561-9561-4ACE-BC28-DBD9B30E9F82}
		{53DCC3C4-7B58-494D-BB51-3341CF993080} = {06E5A4AA-F7AE-4BE1-BE04-C0B45B7D15B0}
		{E5B36F06-EA83-4D90-BBD2-8E92B44C50E4} = {06E5A4AA-F7AE-4BE1-BE04-C0B45B7D15B0}
	EndGlobalSection
	GlobalSection(ExtensibilityGlobals) = postSolution
		SolutionGuid = {FAE68E99-7926-40E0-858F-F7E237057E63}
	EndGlobalSection
EndGlobal
